
Microsoft Visual Studio Solution File, Format Version 12.00
# Visual Studio Version 16
VisualStudioVersion = 16.0.31515.178
MinimumVisualStudioVersion = 10.0.40219.1
Project("{FAE04EC0-301F-11D3-BF4B-00C04F79EFBC}") = "Mook.EntityClass", "Mook.EntityClass\Mook.EntityClass.csproj", "{A918C29D-5819-44D2-B91B-4466FB387217}"
EndProject
Project("{54435603-DBB4-11D2-8724-00A0C9A8B90C}") = "Setup", "Setup\Setup.vdproj", "{6F761606-96AC-4BBE-8705-097D483B64CE}"
EndProject
Global
	GlobalSection(SolutionConfigurationPlatforms) = preSolution
		Debug|Any CPU = Debug|Any CPU
		Release|Any CPU = Release|Any CPU
	EndGlobalSection
	GlobalSection(ProjectConfigurationPlatforms) = postSolution
		{A918C29D-5819-44D2-B91B-4466FB387217}.Debug|Any CPU.ActiveCfg = Debug|Any CPU
		{A918C29D-5819-44D2-B91B-4466FB387217}.Debug|Any CPU.Build.0 = Debug|Any CPU
		{A918C29D-5819-44D2-B91B-4466FB387217}.Release|Any CPU.ActiveCfg = Release|Any CPU
		{A918C29D-5819-44D2-B91B-4466FB387217}.Release|Any CPU.Build.0 = Release|Any CPU
		{6F761606-96AC-4BBE-8705-097D483B64CE}.Debug|Any CPU.ActiveCfg = Debug
		{6F761606-96AC-4BBE-8705-097D483B64CE}.Release|Any CPU.ActiveCfg = Release
	EndGlobalSection
	GlobalSection(SolutionProperties) = preSolution
		HideSolutionNode = FALSE
	EndGlobalSection
	GlobalSection(ExtensibilityGlobals) = postSolution
		SolutionGuid = {3AA2132D-C4F3-4FAF-9852-5B81F7A85545}
	EndGlobalSection
EndGlobal
